
Microsoft Visual Studio Solution File, Format Version 12.00
# Visual Studio Version 17
VisualStudioVersion = 17.8.34330.188
MinimumVisualStudioVersion = 10.0.40219.1
Project("{FAE04EC0-301F-11D3-BF4B-00C04F79EFBC}") = "POSManager", "POSManager\POSManager.csproj", "{144F1792-49DB-4157-9FD7-26DFA70F898A}"
EndProject
Global
	GlobalSection(SolutionConfigurationPlatforms) = preSolution
		Debug|Any CPU = Debug|Any CPU
		Release|Any CPU = Release|Any CPU
	EndGlobalSection
	GlobalSection(ProjectConfigurationPlatforms) = postSolution
		{144F1792-49DB-4157-9FD7-26DFA70F898A}.Debug|Any CPU.ActiveCfg = Debug|Any CPU
		{144F1792-49DB-4157-9FD7-26DFA70F898A}.Debug|Any CPU.Build.0 = Debug|Any CPU
		{144F1792-49DB-4157-9FD7-26DFA70F898A}.Release|Any CPU.ActiveCfg = Release|Any CPU
		{144F1792-49DB-4157-9FD7-26DFA70F898A}.Release|Any CPU.Build.0 = Release|Any CPU
	EndGlobalSection
	GlobalSection(SolutionProperties) = preSolution
		HideSolutionNode = FALSE
	EndGlobalSection
	GlobalSection(ExtensibilityGlobals) = postSolution
		SolutionGuid = {BCAAA50A-CAD0-4BDD-BA94-97074BDB1D76}
	EndGlobalSection
EndGlobal
